
Microsoft Visual Studio Solution File, Format Version 12.00
# Visual Studio Version 17
VisualStudioVersion = 17.0.31903.59
MinimumVisualStudioVersion = 10.0.40219.1
Project("{FAE04EC0-301F-11D3-BF4B-00C04F79EFBC}") = "API", "API\API.csproj", "{404C4018-D0CF-495A-8A35-B5D40A71BB09}"
EndProject
Project("{FAE04EC0-301F-11D3-BF4B-00C04F79EFBC}") = "Core", "Core\Core.csproj", "{0E465A38-BF35-4B65-B1C3-CB523A1C399D}"
EndProject
Project("{FAE04EC0-301F-11D3-BF4B-00C04F79EFBC}") = "Infrastructure", "Infrastructure\Infrastructure.csproj", "{52489E44-0F67-49B2-B0C1-48BD2B92B3A3}"
EndProject
Global
	GlobalSection(SolutionConfigurationPlatforms) = preSolution
		Debug|Any CPU = Debug|Any CPU
		Release|Any CPU = Release|Any CPU
	EndGlobalSection
	GlobalSection(SolutionProperties) = preSolution
		HideSolutionNode = FALSE
	EndGlobalSection
	GlobalSection(ProjectConfigurationPlatforms) = postSolution
		{404C4018-D0CF-495A-8A35-B5D40A71BB09}.Debug|Any CPU.ActiveCfg = Debug|Any CPU
		{404C4018-D0CF-495A-8A35-B5D40A71BB09}.Debug|Any CPU.Build.0 = Debug|Any CPU
		{404C4018-D0CF-495A-8A35-B5D40A71BB09}.Release|Any CPU.ActiveCfg = Release|Any CPU
		{404C4018-D0CF-495A-8A35-B5D40A71BB09}.Release|Any CPU.Build.0 = Release|Any CPU
		{0E465A38-BF35-4B65-B1C3-CB523A1C399D}.Debug|Any CPU.ActiveCfg = Debug|Any CPU
		{0E465A38-BF35-4B65-B1C3-CB523A1C399D}.Debug|Any CPU.Build.0 = Debug|Any CPU
		{0E465A38-BF35-4B65-B1C3-CB523A1C399D}.Release|Any CPU.ActiveCfg = Release|Any CPU
		{0E465A38-BF35-4B65-B1C3-CB523A1C399D}.Release|Any CPU.Build.0 = Release|Any CPU
		{52489E44-0F67-49B2-B0C1-48BD2B92B3A3}.Debug|Any CPU.ActiveCfg = Debug|Any CPU
		{52489E44-0F67-49B2-B0C1-48BD2B92B3A3}.Debug|Any CPU.Build.0 = Debug|Any CPU
		{52489E44-0F67-49B2-B0C1-48BD2B92B3A3}.Release|Any CPU.ActiveCfg = Release|Any CPU
		{52489E44-0F67-49B2-B0C1-48BD2B92B3A3}.Release|Any CPU.Build.0 = Release|Any CPU
	EndGlobalSection
EndGlobal
